# This file is automatically @generated by Cargo.
# It is not intended for manual editing.
version = 3

[[package]]
name = "ipc_proc"
version = "0.1.0"

[[package]]
name = "lsirq"
version = "0.1.0"
dependencies = [
 "serenity",
]

[[package]]
name = "serenity"
version = "0.1.0"
dependencies = [
 "ipc_proc",
]
